
Microsoft Visual Studio Solution File, Format Version 12.00
# Visual Studio 15
VisualStudioVersion = 15.0.27428.2037
MinimumVisualStudioVersion = 10.0.40219.1
Project("{FAE04EC0-301F-11D3-BF4B-00C04F79EFBC}") = "Surrogate", "Surrogate\Surrogate.csproj", "{18719FC6-78D6-4113-BBDE-352E03162F16}"
EndProject
Global
	GlobalSection(SolutionConfigurationPlatforms) = preSolution
		Debug|Any CPU = Debug|Any CPU
		Release|Any CPU = Release|Any CPU
	EndGlobalSection
	GlobalSection(ProjectConfigurationPlatforms) = postSolution
		{18719FC6-78D6-4113-BBDE-352E03162F16}.Debug|Any CPU.ActiveCfg = Debug|Any CPU
		{18719FC6-78D6-4113-BBDE-352E03162F16}.Debug|Any CPU.Build.0 = Debug|Any CPU
		{18719FC6-78D6-4113-BBDE-352E03162F16}.Release|Any CPU.ActiveCfg = Release|Any CPU
		{18719FC6-78D6-4113-BBDE-352E03162F16}.Release|Any CPU.Build.0 = Release|Any CPU
	EndGlobalSection
	GlobalSection(SolutionProperties) = preSolution
		HideSolutionNode = FALSE
	EndGlobalSection
	GlobalSection(ExtensibilityGlobals) = postSolution
		SolutionGuid = {26732FFC-6073-4F1E-99FB-4137C2A5954E}
	EndGlobalSection
EndGlobal
